
Microsoft Visual Studio Solution File, Format Version 12.00
# Visual Studio Version 16
VisualStudioVersion = 16.0.30225.117
MinimumVisualStudioVersion = 10.0.40219.1
Project("{9A19103F-16F7-4668-BE54-9A1E7A4F7556}") = "OfficeandDragons", "OfficeandDragons.csproj", "{80F135D7-99CD-40D2-B700-1563E5C8E114}"
EndProject
Project("{9A19103F-16F7-4668-BE54-9A1E7A4F7556}") = "OfficeandDragons.Data", "..\OfficeandDragons.Data\OfficeandDragons.Data.csproj", "{22E7C6BB-8A35-4FA3-B5B6-0ECD033977F1}"
EndProject
Project("{9A19103F-16F7-4668-BE54-9A1E7A4F7556}") = "OfficeandDragons.Test", "..\OfficeandDragons.Test\OfficeandDragons.Test.csproj", "{5509A107-4287-46C7-88C1-29D6090B7B54}"
EndProject
Global
	GlobalSection(SolutionConfigurationPlatforms) = preSolution
		Debug|Any CPU = Debug|Any CPU
		Release|Any CPU = Release|Any CPU
	EndGlobalSection
	GlobalSection(ProjectConfigurationPlatforms) = postSolution
		{80F135D7-99CD-40D2-B700-1563E5C8E114}.Debug|Any CPU.ActiveCfg = Debug|Any CPU
		{80F135D7-99CD-40D2-B700-1563E5C8E114}.Debug|Any CPU.Build.0 = Debug|Any CPU
		{80F135D7-99CD-40D2-B700-1563E5C8E114}.Release|Any CPU.ActiveCfg = Release|Any CPU
		{80F135D7-99CD-40D2-B700-1563E5C8E114}.Release|Any CPU.Build.0 = Release|Any CPU
		{22E7C6BB-8A35-4FA3-B5B6-0ECD033977F1}.Debug|Any CPU.ActiveCfg = Debug|Any CPU
		{22E7C6BB-8A35-4FA3-B5B6-0ECD033977F1}.Debug|Any CPU.Build.0 = Debug|Any CPU
		{22E7C6BB-8A35-4FA3-B5B6-0ECD033977F1}.Release|Any CPU.ActiveCfg = Release|Any CPU
		{22E7C6BB-8A35-4FA3-B5B6-0ECD033977F1}.Release|Any CPU.Build.0 = Release|Any CPU
		{5509A107-4287-46C7-88C1-29D6090B7B54}.Debug|Any CPU.ActiveCfg = Debug|Any CPU
		{5509A107-4287-46C7-88C1-29D6090B7B54}.Debug|Any CPU.Build.0 = Debug|Any CPU
		{5509A107-4287-46C7-88C1-29D6090B7B54}.Release|Any CPU.ActiveCfg = Release|Any CPU
		{5509A107-4287-46C7-88C1-29D6090B7B54}.Release|Any CPU.Build.0 = Release|Any CPU
	EndGlobalSection
	GlobalSection(SolutionProperties) = preSolution
		HideSolutionNode = FALSE
	EndGlobalSection
	GlobalSection(ExtensibilityGlobals) = postSolution
		SolutionGuid = {75A6EEFE-60B0-48FA-8F93-1131941BD171}
	EndGlobalSection
EndGlobal
